
Microsoft Visual Studio Solution File, Format Version 12.00
# Visual Studio Version 17
VisualStudioVersion = 17.8.34330.188
MinimumVisualStudioVersion = 10.0.40219.1
Project("{FAE04EC0-301F-11D3-BF4B-00C04F79EFBC}") = "Regex validate PIN code", "Regex validate PIN code\Regex validate PIN code.csproj", "{CBF8A34F-18B7-48C3-85B0-687CCDA70A25}"
EndProject
Global
	GlobalSection(SolutionConfigurationPlatforms) = preSolution
		Debug|Any CPU = Debug|Any CPU
		Release|Any CPU = Release|Any CPU
	EndGlobalSection
	GlobalSection(ProjectConfigurationPlatforms) = postSolution
		{CBF8A34F-18B7-48C3-85B0-687CCDA70A25}.Debug|Any CPU.ActiveCfg = Debug|Any CPU
		{CBF8A34F-18B7-48C3-85B0-687CCDA70A25}.Debug|Any CPU.Build.0 = Debug|Any CPU
		{CBF8A34F-18B7-48C3-85B0-687CCDA70A25}.Release|Any CPU.ActiveCfg = Release|Any CPU
		{CBF8A34F-18B7-48C3-85B0-687CCDA70A25}.Release|Any CPU.Build.0 = Release|Any CPU
	EndGlobalSection
	GlobalSection(SolutionProperties) = preSolution
		HideSolutionNode = FALSE
	EndGlobalSection
	GlobalSection(ExtensibilityGlobals) = postSolution
		SolutionGuid = {1D34107A-97D3-420B-8114-E36AFFC35B59}
	EndGlobalSection
EndGlobal
